# This file is automatically @generated by Cargo.
# It is not intended for manual editing.
version = 4

[[package]]
name = "nero_bin"
version = "0.1.0"
dependencies = [
 "nero_core",
]

[[package]]
name = "nero_core"
version = "0.1.0"

[[package]]
name = "nero_requests"
version = "0.1.0"

[[package]]
name = "tests"
version = "0.1.0"
dependencies = [
 "nero_core",
]
